
Microsoft Visual Studio Solution File, Format Version 12.00
# Visual Studio Version 17
VisualStudioVersion = 17.9.34607.119
MinimumVisualStudioVersion = 10.0.40219.1
Project("{FAE04EC0-301F-11D3-BF4B-00C04F79EFBC}") = "My_App_Backend", "My_App_Backend.csproj", "{BD42EF6B-51CB-4799-8CCC-1E997A8F13D2}"
EndProject
Global
	GlobalSection(SolutionConfigurationPlatforms) = preSolution
		Debug|Any CPU = Debug|Any CPU
		Release|Any CPU = Release|Any CPU
	EndGlobalSection
	GlobalSection(ProjectConfigurationPlatforms) = postSolution
		{BD42EF6B-51CB-4799-8CCC-1E997A8F13D2}.Debug|Any CPU.ActiveCfg = Debug|Any CPU
		{BD42EF6B-51CB-4799-8CCC-1E997A8F13D2}.Debug|Any CPU.Build.0 = Debug|Any CPU
		{BD42EF6B-51CB-4799-8CCC-1E997A8F13D2}.Release|Any CPU.ActiveCfg = Release|Any CPU
		{BD42EF6B-51CB-4799-8CCC-1E997A8F13D2}.Release|Any CPU.Build.0 = Release|Any CPU
	EndGlobalSection
	GlobalSection(SolutionProperties) = preSolution
		HideSolutionNode = FALSE
	EndGlobalSection
	GlobalSection(ExtensibilityGlobals) = postSolution
		SolutionGuid = {C2E21AE3-60FC-465B-B27E-9F177EAD3FE3}
	EndGlobalSection
EndGlobal
