
Microsoft Visual Studio Solution File, Format Version 12.00
# Visual Studio Version 17
VisualStudioVersion = 17.9.34607.119
MinimumVisualStudioVersion = 10.0.40219.1
Project("{FAE04EC0-301F-11D3-BF4B-00C04F79EFBC}") = "Web_API_ASP_Backend", "Web_API_ASP_Backend.csproj", "{B0D08636-0EE0-46E6-8F8E-C71AF16AFEB0}"
EndProject
Global
	GlobalSection(SolutionConfigurationPlatforms) = preSolution
		Debug|Any CPU = Debug|Any CPU
		Release|Any CPU = Release|Any CPU
	EndGlobalSection
	GlobalSection(ProjectConfigurationPlatforms) = postSolution
		{B0D08636-0EE0-46E6-8F8E-C71AF16AFEB0}.Debug|Any CPU.ActiveCfg = Debug|Any CPU
		{B0D08636-0EE0-46E6-8F8E-C71AF16AFEB0}.Debug|Any CPU.Build.0 = Debug|Any CPU
		{B0D08636-0EE0-46E6-8F8E-C71AF16AFEB0}.Release|Any CPU.ActiveCfg = Release|Any CPU
		{B0D08636-0EE0-46E6-8F8E-C71AF16AFEB0}.Release|Any CPU.Build.0 = Release|Any CPU
	EndGlobalSection
	GlobalSection(SolutionProperties) = preSolution
		HideSolutionNode = FALSE
	EndGlobalSection
	GlobalSection(ExtensibilityGlobals) = postSolution
		SolutionGuid = {77ED9FCA-D2E9-4470-B670-C6C8BD9FF538}
	EndGlobalSection
EndGlobal
